
Microsoft Visual Studio Solution File, Format Version 12.00
# Visual Studio 15
Project("{FAE04EC0-301F-11D3-BF4B-00C04F79EFBC}") = "UnityEngine.TestRunner", "UnityEngine.TestRunner.csproj", "{666E5C25-DE6F-C489-E3A4-828F376433CE}"
EndProject
Project("{FAE04EC0-301F-11D3-BF4B-00C04F79EFBC}") = "Unity.Mathematics", "Unity.Mathematics.csproj", "{BD4CDA22-6523-C880-6B8F-2F7E205DB7F9}"
EndProject
Project("{FAE04EC0-301F-11D3-BF4B-00C04F79EFBC}") = "Unity.2D.Animation.Triangle.Runtime", "Unity.2D.Animation.Triangle.Runtime.csproj", "{32EEEDD6-0D4C-FDBB-01F7-A423845444AC}"
EndProject
Project("{FAE04EC0-301F-11D3-BF4B-00C04F79EFBC}") = "Unity.Timeline", "Unity.Timeline.csproj", "{3C3CC7B4-2237-4EB1-31C0-96BE5D363D44}"
EndProject
Project("{FAE04EC0-301F-11D3-BF4B-00C04F79EFBC}") = "UnityEngine.UI", "UnityEngine.UI.csproj", "{1D010118-68F4-90D2-5510-0DA4A62AA8E9}"
EndProject
Project("{FAE04EC0-301F-11D3-BF4B-00C04F79EFBC}") = "Unity.TextMeshPro", "Unity.TextMeshPro.csproj", "{F9B0181C-30E8-51A2-1120-0948EBECDEEF}"
EndProject
Project("{FAE04EC0-301F-11D3-BF4B-00C04F79EFBC}") = "Unity.2D.Animation.Runtime", "Unity.2D.Animation.Runtime.csproj", "{60BA227E-D3F7-B833-56D1-D1251FD9F064}"
EndProject
Project("{FAE04EC0-301F-11D3-BF4B-00C04F79EFBC}") = "Unity.2D.IK.Runtime", "Unity.2D.IK.Runtime.csproj", "{8F32B772-58C2-F1F8-04EA-903778E5A673}"
EndProject
Project("{FAE04EC0-301F-11D3-BF4B-00C04F79EFBC}") = "Unity.2D.SpriteShape.Runtime", "Unity.2D.SpriteShape.Runtime.csproj", "{CE94384B-B512-264F-8FB3-29103985BD17}"
EndProject
Project("{FAE04EC0-301F-11D3-BF4B-00C04F79EFBC}") = "Unity.2D.PixelPerfect", "Unity.2D.PixelPerfect.csproj", "{8C4D95EE-AB34-510B-D6A5-2D3D54C67720}"
EndProject
Project("{FAE04EC0-301F-11D3-BF4B-00C04F79EFBC}") = "Unity.2D.Common.Runtime", "Unity.2D.Common.Runtime.csproj", "{03434AA4-1922-A1BC-6FB1-B5D81654D1D7}"
EndProject
Project("{FAE04EC0-301F-11D3-BF4B-00C04F79EFBC}") = "Unity.InternalAPIEngineBridge.001", "Unity.InternalAPIEngineBridge.001.csproj", "{857539E4-9B60-C007-31A6-8E6F3F05139C}"
EndProject
Project("{FAE04EC0-301F-11D3-BF4B-00C04F79EFBC}") = "Assembly-CSharp", "Assembly-CSharp.csproj", "{E05CE26E-7FD3-DE8D-181A-F617CD4D0730}"
EndProject
Project("{FAE04EC0-301F-11D3-BF4B-00C04F79EFBC}") = "UnityEditor.TestRunner", "UnityEditor.TestRunner.csproj", "{987959F7-05FF-EC40-0ED8-6054E7C5FB81}"
EndProject
Project("{FAE04EC0-301F-11D3-BF4B-00C04F79EFBC}") = "UnityEditor.UI", "UnityEditor.UI.csproj", "{3A1F7ABF-6542-8094-4F1B-E5475A237C7E}"
EndProject
Project("{FAE04EC0-301F-11D3-BF4B-00C04F79EFBC}") = "Unity.Timeline.Editor", "Unity.Timeline.Editor.csproj", "{1F6CE675-4650-20FE-E669-5C4FF641C009}"
EndProject
Project("{FAE04EC0-301F-11D3-BF4B-00C04F79EFBC}") = "Unity.VisualStudio.Editor", "Unity.VisualStudio.Editor.csproj", "{213A1DCA-8317-90C8-508D-D3603074622F}"
EndProject
Project("{FAE04EC0-301F-11D3-BF4B-00C04F79EFBC}") = "Unity.2D.Psdimporter.Editor", "Unity.2D.Psdimporter.Editor.csproj", "{2624085A-3D14-73CF-D28A-77645AF63DDE}"
EndProject
Project("{FAE04EC0-301F-11D3-BF4B-00C04F79EFBC}") = "Unity.2D.Animation.Editor", "Unity.2D.Animation.Editor.csproj", "{52CC9D1A-213B-14A0-3F97-A4E94049850D}"
EndProject
Project("{FAE04EC0-301F-11D3-BF4B-00C04F79EFBC}") = "Unity.TextMeshPro.Editor", "Unity.TextMeshPro.Editor.csproj", "{BE635D7A-4E0B-C3AF-6343-304F8B6ABC07}"
EndProject
Project("{FAE04EC0-301F-11D3-BF4B-00C04F79EFBC}") = "Unity.2D.SpriteShape.Editor", "Unity.2D.SpriteShape.Editor.csproj", "{FCEB56B6-0C15-D153-ADA1-14A9D041217C}"
EndProject
Project("{FAE04EC0-301F-11D3-BF4B-00C04F79EFBC}") = "Unity.CollabProxy.Editor", "Unity.CollabProxy.Editor.csproj", "{8EEDFCAF-8497-46F4-1117-0391847F3BDF}"
EndProject
Project("{FAE04EC0-301F-11D3-BF4B-00C04F79EFBC}") = "PsdPlugin", "PsdPlugin.csproj", "{6D487761-5EA4-0C22-6BB1-C4B46599E7B0}"
EndProject
Project("{FAE04EC0-301F-11D3-BF4B-00C04F79EFBC}") = "Unity.2D.Path.Editor", "Unity.2D.Path.Editor.csproj", "{7A5FEB98-B735-26D4-B88E-0A99372A092A}"
EndProject
Project("{FAE04EC0-301F-11D3-BF4B-00C04F79EFBC}") = "Unity.Rider.Editor", "Unity.Rider.Editor.csproj", "{544EB100-7194-0D14-A009-2699DCEADC31}"
EndProject
Project("{FAE04EC0-301F-11D3-BF4B-00C04F79EFBC}") = "Unity.2D.IK.Editor", "Unity.2D.IK.Editor.csproj", "{D6035B3F-B88B-E74F-673E-E1FF38224DF0}"
EndProject
Project("{FAE04EC0-301F-11D3-BF4B-00C04F79EFBC}") = "Unity.2D.Sprite.Editor", "Unity.2D.Sprite.Editor.csproj", "{2BAA7A9B-3B4B-1FF8-F3E1-8C869B5884AF}"
EndProject
Project("{FAE04EC0-301F-11D3-BF4B-00C04F79EFBC}") = "Unity.2D.Tilemap.Editor", "Unity.2D.Tilemap.Editor.csproj", "{52037751-051F-4FC0-1D38-BC9E827B7492}"
EndProject
Project("{FAE04EC0-301F-11D3-BF4B-00C04F79EFBC}") = "Unity.2D.PixelPerfect.Editor", "Unity.2D.PixelPerfect.Editor.csproj", "{0554B89C-86C6-1D13-2EFB-ADC9D6D36CAC}"
EndProject
Project("{FAE04EC0-301F-11D3-BF4B-00C04F79EFBC}") = "Unity.VSCode.Editor", "Unity.VSCode.Editor.csproj", "{811A2397-CA86-BC02-3E70-0BAD39B4BE5D}"
EndProject
Project("{FAE04EC0-301F-11D3-BF4B-00C04F79EFBC}") = "Unity.2D.Common.Editor", "Unity.2D.Common.Editor.csproj", "{BCA88073-179E-1140-D9B2-08A11A09A850}"
EndProject
Project("{FAE04EC0-301F-11D3-BF4B-00C04F79EFBC}") = "Unity.Mathematics.Editor", "Unity.Mathematics.Editor.csproj", "{59BC0AA1-5DEF-1E6E-CB57-3E4A61CCF486}"
EndProject
Project("{FAE04EC0-301F-11D3-BF4B-00C04F79EFBC}") = "Unity.InternalAPIEditorBridge.001", "Unity.InternalAPIEditorBridge.001.csproj", "{3C65B336-5242-8061-4A3B-26B980A5CB19}"
EndProject
Global
	GlobalSection(SolutionConfigurationPlatforms) = preSolution
		Debug|Any CPU = Debug|Any CPU
		Release|Any CPU = Release|Any CPU
	EndGlobalSection
	GlobalSection(ProjectConfigurationPlatforms) = postSolution
		{666E5C25-DE6F-C489-E3A4-828F376433CE}.Debug|Any CPU.ActiveCfg = Debug|Any CPU
		{666E5C25-DE6F-C489-E3A4-828F376433CE}.Debug|Any CPU.Build.0 = Debug|Any CPU
		{666E5C25-DE6F-C489-E3A4-828F376433CE}.Release|Any CPU.ActiveCfg = Release|Any CPU
		{666E5C25-DE6F-C489-E3A4-828F376433CE}.Release|Any CPU.Build.0 = Release|Any CPU
		{BD4CDA22-6523-C880-6B8F-2F7E205DB7F9}.Debug|Any CPU.ActiveCfg = Debug|Any CPU
		{BD4CDA22-6523-C880-6B8F-2F7E205DB7F9}.Debug|Any CPU.Build.0 = Debug|Any CPU
		{BD4CDA22-6523-C880-6B8F-2F7E205DB7F9}.Release|Any CPU.ActiveCfg = Release|Any CPU
		{BD4CDA22-6523-C880-6B8F-2F7E205DB7F9}.Release|Any CPU.Build.0 = Release|Any CPU
		{32EEEDD6-0D4C-FDBB-01F7-A423845444AC}.Debug|Any CPU.ActiveCfg = Debug|Any CPU
		{32EEEDD6-0D4C-FDBB-01F7-A423845444AC}.Debug|Any CPU.Build.0 = Debug|Any CPU
		{32EEEDD6-0D4C-FDBB-01F7-A423845444AC}.Release|Any CPU.ActiveCfg = Release|Any CPU
		{32EEEDD6-0D4C-FDBB-01F7-A423845444AC}.Release|Any CPU.Build.0 = Release|Any CPU
		{3C3CC7B4-2237-4EB1-31C0-96BE5D363D44}.Debug|Any CPU.ActiveCfg = Debug|Any CPU
		{3C3CC7B4-2237-4EB1-31C0-96BE5D363D44}.Debug|Any CPU.Build.0 = Debug|Any CPU
		{3C3CC7B4-2237-4EB1-31C0-96BE5D363D44}.Release|Any CPU.ActiveCfg = Release|Any CPU
		{3C3CC7B4-2237-4EB1-31C0-96BE5D363D44}.Release|Any CPU.Build.0 = Release|Any CPU
		{1D010118-68F4-90D2-5510-0DA4A62AA8E9}.Debug|Any CPU.ActiveCfg = Debug|Any CPU
		{1D010118-68F4-90D2-5510-0DA4A62AA8E9}.Debug|Any CPU.Build.0 = Debug|Any CPU
		{1D010118-68F4-90D2-5510-0DA4A62AA8E9}.Release|Any CPU.ActiveCfg = Release|Any CPU
		{1D010118-68F4-90D2-5510-0DA4A62AA8E9}.Release|Any CPU.Build.0 = Release|Any CPU
		{F9B0181C-30E8-51A2-1120-0948EBECDEEF}.Debug|Any CPU.ActiveCfg = Debug|Any CPU
		{F9B0181C-30E8-51A2-1120-0948EBECDEEF}.Debug|Any CPU.Build.0 = Debug|Any CPU
		{F9B0181C-30E8-51A2-1120-0948EBECDEEF}.Release|Any CPU.ActiveCfg = Release|Any CPU
		{F9B0181C-30E8-51A2-1120-0948EBECDEEF}.Release|Any CPU.Build.0 = Release|Any CPU
		{60BA227E-D3F7-B833-56D1-D1251FD9F064}.Debug|Any CPU.ActiveCfg = Debug|Any CPU
		{60BA227E-D3F7-B833-56D1-D1251FD9F064}.Debug|Any CPU.Build.0 = Debug|Any CPU
		{60BA227E-D3F7-B833-56D1-D1251FD9F064}.Release|Any CPU.ActiveCfg = Release|Any CPU
		{60BA227E-D3F7-B833-56D1-D1251FD9F064}.Release|Any CPU.Build.0 = Release|Any CPU
		{8F32B772-58C2-F1F8-04EA-903778E5A673}.Debug|Any CPU.ActiveCfg = Debug|Any CPU
		{8F32B772-58C2-F1F8-04EA-903778E5A673}.Debug|Any CPU.Build.0 = Debug|Any CPU
		{8F32B772-58C2-F1F8-04EA-903778E5A673}.Release|Any CPU.ActiveCfg = Release|Any CPU
		{8F32B772-58C2-F1F8-04EA-903778E5A673}.Release|Any CPU.Build.0 = Release|Any CPU
		{CE94384B-B512-264F-8FB3-29103985BD17}.Debug|Any CPU.ActiveCfg = Debug|Any CPU
		{CE94384B-B512-264F-8FB3-29103985BD17}.Debug|Any CPU.Build.0 = Debug|Any CPU
		{CE94384B-B512-264F-8FB3-29103985BD17}.Release|Any CPU.ActiveCfg = Release|Any CPU
		{CE94384B-B512-264F-8FB3-29103985BD17}.Release|Any CPU.Build.0 = Release|Any CPU
		{8C4D95EE-AB34-510B-D6A5-2D3D54C67720}.Debug|Any CPU.ActiveCfg = Debug|Any CPU
		{8C4D95EE-AB34-510B-D6A5-2D3D54C67720}.Debug|Any CPU.Build.0 = Debug|Any CPU
		{8C4D95EE-AB34-510B-D6A5-2D3D54C67720}.Release|Any CPU.ActiveCfg = Release|Any CPU
		{8C4D95EE-AB34-510B-D6A5-2D3D54C67720}.Release|Any CPU.Build.0 = Release|Any CPU
		{03434AA4-1922-A1BC-6FB1-B5D81654D1D7}.Debug|Any CPU.ActiveCfg = Debug|Any CPU
		{03434AA4-1922-A1BC-6FB1-B5D81654D1D7}.Debug|Any CPU.Build.0 = Debug|Any CPU
		{03434AA4-1922-A1BC-6FB1-B5D81654D1D7}.Release|Any CPU.ActiveCfg = Release|Any CPU
		{03434AA4-1922-A1BC-6FB1-B5D81654D1D7}.Release|Any CPU.Build.0 = Release|Any CPU
		{857539E4-9B60-C007-31A6-8E6F3F05139C}.Debug|Any CPU.ActiveCfg = Debug|Any CPU
		{857539E4-9B60-C007-31A6-8E6F3F05139C}.Debug|Any CPU.Build.0 = Debug|Any CPU
		{857539E4-9B60-C007-31A6-8E6F3F05139C}.Release|Any CPU.ActiveCfg = Release|Any CPU
		{857539E4-9B60-C007-31A6-8E6F3F05139C}.Release|Any CPU.Build.0 = Release|Any CPU
		{E05CE26E-7FD3-DE8D-181A-F617CD4D0730}.Debug|Any CPU.ActiveCfg = Debug|Any CPU
		{E05CE26E-7FD3-DE8D-181A-F617CD4D0730}.Debug|Any CPU.Build.0 = Debug|Any CPU
		{E05CE26E-7FD3-DE8D-181A-F617CD4D0730}.Release|Any CPU.ActiveCfg = Release|Any CPU
		{E05CE26E-7FD3-DE8D-181A-F617CD4D0730}.Release|Any CPU.Build.0 = Release|Any CPU
		{987959F7-05FF-EC40-0ED8-6054E7C5FB81}.Debug|Any CPU.ActiveCfg = Debug|Any CPU
		{987959F7-05FF-EC40-0ED8-6054E7C5FB81}.Debug|Any CPU.Build.0 = Debug|Any CPU
		{987959F7-05FF-EC40-0ED8-6054E7C5FB81}.Release|Any CPU.ActiveCfg = Release|Any CPU
		{987959F7-05FF-EC40-0ED8-6054E7C5FB81}.Release|Any CPU.Build.0 = Release|Any CPU
		{3A1F7ABF-6542-8094-4F1B-E5475A237C7E}.Debug|Any CPU.ActiveCfg = Debug|Any CPU
		{3A1F7ABF-6542-8094-4F1B-E5475A237C7E}.Debug|Any CPU.Build.0 = Debug|Any CPU
		{3A1F7ABF-6542-8094-4F1B-E5475A237C7E}.Release|Any CPU.ActiveCfg = Release|Any CPU
		{3A1F7ABF-6542-8094-4F1B-E5475A237C7E}.Release|Any CPU.Build.0 = Release|Any CPU
		{1F6CE675-4650-20FE-E669-5C4FF641C009}.Debug|Any CPU.ActiveCfg = Debug|Any CPU
		{1F6CE675-4650-20FE-E669-5C4FF641C009}.Debug|Any CPU.Build.0 = Debug|Any CPU
		{1F6CE675-4650-20FE-E669-5C4FF641C009}.Release|Any CPU.ActiveCfg = Release|Any CPU
		{1F6CE675-4650-20FE-E669-5C4FF641C009}.Release|Any CPU.Build.0 = Release|Any CPU
		{213A1DCA-8317-90C8-508D-D3603074622F}.Debug|Any CPU.ActiveCfg = Debug|Any CPU
		{213A1DCA-8317-90C8-508D-D3603074622F}.Debug|Any CPU.Build.0 = Debug|Any CPU
		{213A1DCA-8317-90C8-508D-D3603074622F}.Release|Any CPU.ActiveCfg = Release|Any CPU
		{213A1DCA-8317-90C8-508D-D3603074622F}.Release|Any CPU.Build.0 = Release|Any CPU
		{2624085A-3D14-73CF-D28A-77645AF63DDE}.Debug|Any CPU.ActiveCfg = Debug|Any CPU
		{2624085A-3D14-73CF-D28A-77645AF63DDE}.Debug|Any CPU.Build.0 = Debug|Any CPU
		{2624085A-3D14-73CF-D28A-77645AF63DDE}.Release|Any CPU.ActiveCfg = Release|Any CPU
		{2624085A-3D14-73CF-D28A-77645AF63DDE}.Release|Any CPU.Build.0 = Release|Any CPU
		{52CC9D1A-213B-14A0-3F97-A4E94049850D}.Debug|Any CPU.ActiveCfg = Debug|Any CPU
		{52CC9D1A-213B-14A0-3F97-A4E94049850D}.Debug|Any CPU.Build.0 = Debug|Any CPU
		{52CC9D1A-213B-14A0-3F97-A4E94049850D}.Release|Any CPU.ActiveCfg = Release|Any CPU
		{52CC9D1A-213B-14A0-3F97-A4E94049850D}.Release|Any CPU.Build.0 = Release|Any CPU
		{BE635D7A-4E0B-C3AF-6343-304F8B6ABC07}.Debug|Any CPU.ActiveCfg = Debug|Any CPU
		{BE635D7A-4E0B-C3AF-6343-304F8B6ABC07}.Debug|Any CPU.Build.0 = Debug|Any CPU
		{BE635D7A-4E0B-C3AF-6343-304F8B6ABC07}.Release|Any CPU.ActiveCfg = Release|Any CPU
		{BE635D7A-4E0B-C3AF-6343-304F8B6ABC07}.Release|Any CPU.Build.0 = Release|Any CPU
		{FCEB56B6-0C15-D153-ADA1-14A9D041217C}.Debug|Any CPU.ActiveCfg = Debug|Any CPU
		{FCEB56B6-0C15-D153-ADA1-14A9D041217C}.Debug|Any CPU.Build.0 = Debug|Any CPU
		{FCEB56B6-0C15-D153-ADA1-14A9D041217C}.Release|Any CPU.ActiveCfg = Release|Any CPU
		{FCEB56B6-0C15-D153-ADA1-14A9D041217C}.Release|Any CPU.Build.0 = Release|Any CPU
		{8EEDFCAF-8497-46F4-1117-0391847F3BDF}.Debug|Any CPU.ActiveCfg = Debug|Any CPU
		{8EEDFCAF-8497-46F4-1117-0391847F3BDF}.Debug|Any CPU.Build.0 = Debug|Any CPU
		{8EEDFCAF-8497-46F4-1117-0391847F3BDF}.Release|Any CPU.ActiveCfg = Release|Any CPU
		{8EEDFCAF-8497-46F4-1117-0391847F3BDF}.Release|Any CPU.Build.0 = Release|Any CPU
		{6D487761-5EA4-0C22-6BB1-C4B46599E7B0}.Debug|Any CPU.ActiveCfg = Debug|Any CPU
		{6D487761-5EA4-0C22-6BB1-C4B46599E7B0}.Debug|Any CPU.Build.0 = Debug|Any CPU
		{6D487761-5EA4-0C22-6BB1-C4B46599E7B0}.Release|Any CPU.ActiveCfg = Release|Any CPU
		{6D487761-5EA4-0C22-6BB1-C4B46599E7B0}.Release|Any CPU.Build.0 = Release|Any CPU
		{7A5FEB98-B735-26D4-B88E-0A99372A092A}.Debug|Any CPU.ActiveCfg = Debug|Any CPU
		{7A5FEB98-B735-26D4-B88E-0A99372A092A}.Debug|Any CPU.Build.0 = Debug|Any CPU
		{7A5FEB98-B735-26D4-B88E-0A99372A092A}.Release|Any CPU.ActiveCfg = Release|Any CPU
		{7A5FEB98-B735-26D4-B88E-0A99372A092A}.Release|Any CPU.Build.0 = Release|Any CPU
		{544EB100-7194-0D14-A009-2699DCEADC31}.Debug|Any CPU.ActiveCfg = Debug|Any CPU
		{544EB100-7194-0D14-A009-2699DCEADC31}.Debug|Any CPU.Build.0 = Debug|Any CPU
		{544EB100-7194-0D14-A009-2699DCEADC31}.Release|Any CPU.ActiveCfg = Release|Any CPU
		{544EB100-7194-0D14-A009-2699DCEADC31}.Release|Any CPU.Build.0 = Release|Any CPU
		{D6035B3F-B88B-E74F-673E-E1FF38224DF0}.Debug|Any CPU.ActiveCfg = Debug|Any CPU
		{D6035B3F-B88B-E74F-673E-E1FF38224DF0}.Debug|Any CPU.Build.0 = Debug|Any CPU
		{D6035B3F-B88B-E74F-673E-E1FF38224DF0}.Release|Any CPU.ActiveCfg = Release|Any CPU
		{D6035B3F-B88B-E74F-673E-E1FF38224DF0}.Release|Any CPU.Build.0 = Release|Any CPU
		{2BAA7A9B-3B4B-1FF8-F3E1-8C869B5884AF}.Debug|Any CPU.ActiveCfg = Debug|Any CPU
		{2BAA7A9B-3B4B-1FF8-F3E1-8C869B5884AF}.Debug|Any CPU.Build.0 = Debug|Any CPU
		{2BAA7A9B-3B4B-1FF8-F3E1-8C869B5884AF}.Release|Any CPU.ActiveCfg = Release|Any CPU
		{2BAA7A9B-3B4B-1FF8-F3E1-8C869B5884AF}.Release|Any CPU.Build.0 = Release|Any CPU
		{52037751-051F-4FC0-1D38-BC9E827B7492}.Debug|Any CPU.ActiveCfg = Debug|Any CPU
		{52037751-051F-4FC0-1D38-BC9E827B7492}.Debug|Any CPU.Build.0 = Debug|Any CPU
		{52037751-051F-4FC0-1D38-BC9E827B7492}.Release|Any CPU.ActiveCfg = Release|Any CPU
		{52037751-051F-4FC0-1D38-BC9E827B7492}.Release|Any CPU.Build.0 = Release|Any CPU
		{0554B89C-86C6-1D13-2EFB-ADC9D6D36CAC}.Debug|Any CPU.ActiveCfg = Debug|Any CPU
		{0554B89C-86C6-1D13-2EFB-ADC9D6D36CAC}.Debug|Any CPU.Build.0 = Debug|Any CPU
		{0554B89C-86C6-1D13-2EFB-ADC9D6D36CAC}.Release|Any CPU.ActiveCfg = Release|Any CPU
		{0554B89C-86C6-1D13-2EFB-ADC9D6D36CAC}.Release|Any CPU.Build.0 = Release|Any CPU
		{811A2397-CA86-BC02-3E70-0BAD39B4BE5D}.Debug|Any CPU.ActiveCfg = Debug|Any CPU
		{811A2397-CA86-BC02-3E70-0BAD39B4BE5D}.Debug|Any CPU.Build.0 = Debug|Any CPU
		{811A2397-CA86-BC02-3E70-0BAD39B4BE5D}.Release|Any CPU.ActiveCfg = Release|Any CPU
		{811A2397-CA86-BC02-3E70-0BAD39B4BE5D}.Release|Any CPU.Build.0 = Release|Any CPU
		{BCA88073-179E-1140-D9B2-08A11A09A850}.Debug|Any CPU.ActiveCfg = Debug|Any CPU
		{BCA88073-179E-1140-D9B2-08A11A09A850}.Debug|Any CPU.Build.0 = Debug|Any CPU
		{BCA88073-179E-1140-D9B2-08A11A09A850}.Release|Any CPU.ActiveCfg = Release|Any CPU
		{BCA88073-179E-1140-D9B2-08A11A09A850}.Release|Any CPU.Build.0 = Release|Any CPU
		{59BC0AA1-5DEF-1E6E-CB57-3E4A61CCF486}.Debug|Any CPU.ActiveCfg = Debug|Any CPU
		{59BC0AA1-5DEF-1E6E-CB57-3E4A61CCF486}.Debug|Any CPU.Build.0 = Debug|Any CPU
		{59BC0AA1-5DEF-1E6E-CB57-3E4A61CCF486}.Release|Any CPU.ActiveCfg = Release|Any CPU
		{59BC0AA1-5DEF-1E6E-CB57-3E4A61CCF486}.Release|Any CPU.Build.0 = Release|Any CPU
		{3C65B336-5242-8061-4A3B-26B980A5CB19}.Debug|Any CPU.ActiveCfg = Debug|Any CPU
		{3C65B336-5242-8061-4A3B-26B980A5CB19}.Debug|Any CPU.Build.0 = Debug|Any CPU
		{3C65B336-5242-8061-4A3B-26B980A5CB19}.Release|Any CPU.ActiveCfg = Release|Any CPU
		{3C65B336-5242-8061-4A3B-26B980A5CB19}.Release|Any CPU.Build.0 = Release|Any CPU
	EndGlobalSection
	GlobalSection(SolutionProperties) = preSolution
		HideSolutionNode = FALSE
	EndGlobalSection
EndGlobal
